
Microsoft Visual Studio Solution File, Format Version 12.00
# Visual Studio Version 17
VisualStudioVersion = 17.5.002.0
MinimumVisualStudioVersion = 10.0.40219.1
Project("{9A19103F-16F7-4668-BE54-9A1E7A4F7556}") = "Escolar_net", "Escolar_net.csproj", "{C19B745E-ACC2-4B6E-8F53-B99E8186CF07}"
EndProject
Global
	GlobalSection(SolutionConfigurationPlatforms) = preSolution
		Debug|Any CPU = Debug|Any CPU
		Release|Any CPU = Release|Any CPU
	EndGlobalSection
	GlobalSection(ProjectConfigurationPlatforms) = postSolution
		{C19B745E-ACC2-4B6E-8F53-B99E8186CF07}.Debug|Any CPU.ActiveCfg = Debug|Any CPU
		{C19B745E-ACC2-4B6E-8F53-B99E8186CF07}.Debug|Any CPU.Build.0 = Debug|Any CPU
		{C19B745E-ACC2-4B6E-8F53-B99E8186CF07}.Release|Any CPU.ActiveCfg = Release|Any CPU
		{C19B745E-ACC2-4B6E-8F53-B99E8186CF07}.Release|Any CPU.Build.0 = Release|Any CPU
	EndGlobalSection
	GlobalSection(SolutionProperties) = preSolution
		HideSolutionNode = FALSE
	EndGlobalSection
	GlobalSection(ExtensibilityGlobals) = postSolution
		SolutionGuid = {260547B1-C9D2-4E34-AED8-C67F1680FD94}
	EndGlobalSection
EndGlobal
